// !$*UTF8*$!
{
	archiveVersion = 1;
	classes = {
	};
	objectVersion = 56;
	objects = {

/* Begin PBXBuildFile section */
		13101BB81F62DABD002A7767 /* AppDelegate.swift in Sources */ = {isa = PBXBuildFile; fileRef = 13101BB71F62DABD002A7767 /* AppDelegate.swift */; };
		13101BBA1F62DABD002A7767 /* HomeController.swift in Sources */ = {isa = PBXBuildFile; fileRef = 13101BB91F62DABD002A7767 /* HomeController.swift */; };
		13101BBD1F62DABD002A7767 /* Main.storyboard in Resources */ = {isa = PBXBuildFile; fileRef = 13101BBB1F62DABD002A7767 /* Main.storyboard */; };
		13101BBF1F62DABD002A7767 /* Assets.xcassets in Resources */ = {isa = PBXBuildFile; fileRef = 13101BBE1F62DABD002A7767 /* Assets.xcassets */; };
		13101BC21F62DABD002A7767 /* LaunchScreen.storyboard in Resources */ = {isa = PBXBuildFile; fileRef = 13101BC01F62DABD002A7767 /* LaunchScreen.storyboard */; };
		13101BEB1F62EF4A002A7767 /* WeatherService.swift in Sources */ = {isa = PBXBuildFile; fileRef = 13101BEA1F62EF4A002A7767 /* WeatherService.swift */; };
		13101BED1F62FF37002A7767 /* Weather.swift in Sources */ = {isa = PBXBuildFile; fileRef = 13101BEC1F62FF37002A7767 /* Weather.swift */; };
		13AAF6032A2ECC6A0000A4FE /* CustomImageView.swift in Sources */ = {isa = PBXBuildFile; fileRef = 13AAF6022A2ECC6A0000A4FE /* CustomImageView.swift */; };
		13E97C4F2A2BE70A00696147 /* URLRequestBuilder.swift in Sources */ = {isa = PBXBuildFile; fileRef = 13E97C4E2A2BE70A00696147 /* URLRequestBuilder.swift */; };
		13E97C522A2BEB1400696147 /* NetworkError.swift in Sources */ = {isa = PBXBuildFile; fileRef = 13E97C502A2BEB1400696147 /* NetworkError.swift */; };
		13E97C532A2BEB1400696147 /* NetworkServiceProtocol.swift in Sources */ = {isa = PBXBuildFile; fileRef = 13E97C512A2BEB1400696147 /* NetworkServiceProtocol.swift */; };
		13E97C552A2BFC9A00696147 /* WeatherAPI.swift in Sources */ = {isa = PBXBuildFile; fileRef = 13E97C542A2BFC9A00696147 /* WeatherAPI.swift */; };
		13E97C572A2D006F00696147 /* LocationManager.swift in Sources */ = {isa = PBXBuildFile; fileRef = 13E97C562A2D006F00696147 /* LocationManager.swift */; };
		13E97C592A2D85B500696147 /* Constants.swift in Sources */ = {isa = PBXBuildFile; fileRef = 13E97C582A2D85B500696147 /* Constants.swift */; };
		13E97C602A2D8E7400696147 /* HomeViewModel.swift in Sources */ = {isa = PBXBuildFile; fileRef = 13E97C5F2A2D8E7400696147 /* HomeViewModel.swift */; };
		13E97C622A2E606600696147 /* GeocodingAPI.swift in Sources */ = {isa = PBXBuildFile; fileRef = 13E97C612A2E606600696147 /* GeocodingAPI.swift */; };
		13E97C642A2E632C00696147 /* GeocodingService.swift in Sources */ = {isa = PBXBuildFile; fileRef = 13E97C632A2E632C00696147 /* GeocodingService.swift */; };
		13E97C662A2E878600696147 /* PreferenceHandler.swift in Sources */ = {isa = PBXBuildFile; fileRef = 13E97C652A2E878600696147 /* PreferenceHandler.swift */; };
		19E65B4CB5FBA1E28048F276 /* Pods_WeatherTests.framework in Frameworks */ = {isa = PBXBuildFile; fileRef = 1E4C24BC423392492D2A88E6 /* Pods_WeatherTests.framework */; };
		1A6711688977DA3A0EFF0425 /* Pods_Weather.framework in Frameworks */ = {isa = PBXBuildFile; fileRef = 0B91E80F08FB7772559F5318 /* Pods_Weather.framework */; };
		26FCF9D97DFCBF51D88AF9E0 /* Pods_WeatherUITests.framework in Frameworks */ = {isa = PBXBuildFile; fileRef = 58D1A625553BC57454124A4E /* Pods_WeatherUITests.framework */; };
/* End PBXBuildFile section */

/* Begin PBXContainerItemProxy section */
		13101BC91F62DABD002A7767 /* PBXContainerItemProxy */ = {
			isa = PBXContainerItemProxy;
			containerPortal = 13101BAC1F62DABD002A7767 /* Project object */;
			proxyType = 1;
			remoteGlobalIDString = 13101BB31F62DABD002A7767;
			remoteInfo = Weather;
		};
		13101BD41F62DABD002A7767 /* PBXContainerItemProxy */ = {
			isa = PBXContainerItemProxy;
			containerPortal = 13101BAC1F62DABD002A7767 /* Project object */;
			proxyType = 1;
			remoteGlobalIDString = 13101BB31F62DABD002A7767;
			remoteInfo = Weather;
		};
/* End PBXContainerItemProxy section */

/* Begin PBXFileReference section */
		0B91E80F08FB7772559F5318 /* Pods_Weather.framework */ = {isa = PBXFileReference; explicitFileType = wrapper.framework; includeInIndex = 0; path = Pods_Weather.framework; sourceTree = BUILT_PRODUCTS_DIR; };
		13101BB41F62DABD002A7767 /* Weather.app */ = {isa = PBXFileReference; explicitFileType = wrapper.application; includeInIndex = 0; path = Weather.app; sourceTree = BUILT_PRODUCTS_DIR; };
		13101BB71F62DABD002A7767 /* AppDelegate.swift */ = {isa = PBXFileReference; lastKnownFileType = sourcecode.swift; path = AppDelegate.swift; sourceTree = "<group>"; };
		13101BB91F62DABD002A7767 /* HomeController.swift */ = {isa = PBXFileReference; lastKnownFileType = sourcecode.swift; path = HomeController.swift; sourceTree = "<group>"; };
		13101BBC1F62DABD002A7767 /* Base */ = {isa = PBXFileReference; lastKnownFileType = file.storyboard; name = Base; path = Base.lproj/Main.storyboard; sourceTree = "<group>"; };
		13101BBE1F62DABD002A7767 /* Assets.xcassets */ = {isa = PBXFileReference; lastKnownFileType = folder.assetcatalog; path = Assets.xcassets; sourceTree = "<group>"; };
		13101BC11F62DABD002A7767 /* Base */ = {isa = PBXFileReference; lastKnownFileType = file.storyboard; name = Base; path = Base.lproj/LaunchScreen.storyboard; sourceTree = "<group>"; };
		13101BC31F62DABD002A7767 /* Info.plist */ = {isa = PBXFileReference; lastKnownFileType = text.plist.xml; path = Info.plist; sourceTree = "<group>"; };
		13101BC81F62DABD002A7767 /* WeatherTests.xctest */ = {isa = PBXFileReference; explicitFileType = wrapper.cfbundle; includeInIndex = 0; path = WeatherTests.xctest; sourceTree = BUILT_PRODUCTS_DIR; };
		13101BD31F62DABD002A7767 /* WeatherUITests.xctest */ = {isa = PBXFileReference; explicitFileType = wrapper.cfbundle; includeInIndex = 0; path = WeatherUITests.xctest; sourceTree = BUILT_PRODUCTS_DIR; };
		13101BEA1F62EF4A002A7767 /* WeatherService.swift */ = {isa = PBXFileReference; fileEncoding = 4; lastKnownFileType = sourcecode.swift; path = WeatherService.swift; sourceTree = "<group>"; };
		13101BEC1F62FF37002A7767 /* Weather.swift */ = {isa = PBXFileReference; fileEncoding = 4; lastKnownFileType = sourcecode.swift; path = Weather.swift; sourceTree = "<group>"; };
		13AAF6022A2ECC6A0000A4FE /* CustomImageView.swift */ = {isa = PBXFileReference; lastKnownFileType = sourcecode.swift; path = CustomImageView.swift; sourceTree = "<group>"; };
		13E97C4E2A2BE70A00696147 /* URLRequestBuilder.swift */ = {isa = PBXFileReference; lastKnownFileType = sourcecode.swift; path = URLRequestBuilder.swift; sourceTree = "<group>"; };
		13E97C502A2BEB1400696147 /* NetworkError.swift */ = {isa = PBXFileReference; fileEncoding = 4; lastKnownFileType = sourcecode.swift; path = NetworkError.swift; sourceTree = "<group>"; };
		13E97C512A2BEB1400696147 /* NetworkServiceProtocol.swift */ = {isa = PBXFileReference; fileEncoding = 4; lastKnownFileType = sourcecode.swift; path = NetworkServiceProtocol.swift; sourceTree = "<group>"; };
		13E97C542A2BFC9A00696147 /* WeatherAPI.swift */ = {isa = PBXFileReference; lastKnownFileType = sourcecode.swift; path = WeatherAPI.swift; sourceTree = "<group>"; };
		13E97C562A2D006F00696147 /* LocationManager.swift */ = {isa = PBXFileReference; lastKnownFileType = sourcecode.swift; path = LocationManager.swift; sourceTree = "<group>"; };
		13E97C582A2D85B500696147 /* Constants.swift */ = {isa = PBXFileReference; lastKnownFileType = sourcecode.swift; path = Constants.swift; sourceTree = "<group>"; };
		13E97C5F2A2D8E7400696147 /* HomeViewModel.swift */ = {isa = PBXFileReference; lastKnownFileType = sourcecode.swift; path = HomeViewModel.swift; sourceTree = "<group>"; };
		13E97C612A2E606600696147 /* GeocodingAPI.swift */ = {isa = PBXFileReference; lastKnownFileType = sourcecode.swift; path = GeocodingAPI.swift; sourceTree = "<group>"; };
		13E97C632A2E632C00696147 /* GeocodingService.swift */ = {isa = PBXFileReference; lastKnownFileType = sourcecode.swift; path = GeocodingService.swift; sourceTree = "<group>"; };
		13E97C652A2E878600696147 /* PreferenceHandler.swift */ = {isa = PBXFileReference; lastKnownFileType = sourcecode.swift; path = PreferenceHandler.swift; sourceTree = "<group>"; };
		1E4C24BC423392492D2A88E6 /* Pods_WeatherTests.framework */ = {isa = PBXFileReference; explicitFileType = wrapper.framework; includeInIndex = 0; path = Pods_WeatherTests.framework; sourceTree = BUILT_PRODUCTS_DIR; };
		3B6916E4F52C985E3BAFAED8 /* Pods-Weather.debug.xcconfig */ = {isa = PBXFileReference; includeInIndex = 1; lastKnownFileType = text.xcconfig; name = "Pods-Weather.debug.xcconfig"; path = "Pods/Target Support Files/Pods-Weather/Pods-Weather.debug.xcconfig"; sourceTree = "<group>"; };
		58D1A625553BC57454124A4E /* Pods_WeatherUITests.framework */ = {isa = PBXFileReference; explicitFileType = wrapper.framework; includeInIndex = 0; path = Pods_WeatherUITests.framework; sourceTree = BUILT_PRODUCTS_DIR; };
		680B5F2C5B5B90D91E35EF80 /* Pods-WeatherTests.release.xcconfig */ = {isa = PBXFileReference; includeInIndex = 1; lastKnownFileType = text.xcconfig; name = "Pods-WeatherTests.release.xcconfig"; path = "Pods/Target Support Files/Pods-WeatherTests/Pods-WeatherTests.release.xcconfig"; sourceTree = "<group>"; };
		83AE8DE48277594B0252EDA8 /* Pods-WeatherUITests.debug.xcconfig */ = {isa = PBXFileReference; includeInIndex = 1; lastKnownFileType = text.xcconfig; name = "Pods-WeatherUITests.debug.xcconfig"; path = "Pods/Target Support Files/Pods-WeatherUITests/Pods-WeatherUITests.debug.xcconfig"; sourceTree = "<group>"; };
		C19F603139D26957289CC239 /* Pods-WeatherTests.debug.xcconfig */ = {isa = PBXFileReference; includeInIndex = 1; lastKnownFileType = text.xcconfig; name = "Pods-WeatherTests.debug.xcconfig"; path = "Pods/Target Support Files/Pods-WeatherTests/Pods-WeatherTests.debug.xcconfig"; sourceTree = "<group>"; };
		C5343E16FAE4B93F15F6D68E /* Pods-WeatherUITests.release.xcconfig */ = {isa = PBXFileReference; includeInIndex = 1; lastKnownFileType = text.xcconfig; name = "Pods-WeatherUITests.release.xcconfig"; path = "Pods/Target Support Files/Pods-WeatherUITests/Pods-WeatherUITests.release.xcconfig"; sourceTree = "<group>"; };
		EC6E8C9CCD54202D6AFBF5AB /* Pods-Weather.release.xcconfig */ = {isa = PBXFileReference; includeInIndex = 1; lastKnownFileType = text.xcconfig; name = "Pods-Weather.release.xcconfig"; path = "Pods/Target Support Files/Pods-Weather/Pods-Weather.release.xcconfig"; sourceTree = "<group>"; };
/* End PBXFileReference section */

/* Begin PBXFrameworksBuildPhase section */
		13101BB11F62DABD002A7767 /* Frameworks */ = {
			isa = PBXFrameworksBuildPhase;
			buildActionMask = 2147483647;
			files = (
				1A6711688977DA3A0EFF0425 /* Pods_Weather.framework in Frameworks */,
			);
			runOnlyForDeploymentPostprocessing = 0;
		};
		13101BC51F62DABD002A7767 /* Frameworks */ = {
			isa = PBXFrameworksBuildPhase;
			buildActionMask = 2147483647;
			files = (
				19E65B4CB5FBA1E28048F276 /* Pods_WeatherTests.framework in Frameworks */,
			);
			runOnlyForDeploymentPostprocessing = 0;
		};
		13101BD01F62DABD002A7767 /* Frameworks */ = {
			isa = PBXFrameworksBuildPhase;
			buildActionMask = 2147483647;
			files = (
				26FCF9D97DFCBF51D88AF9E0 /* Pods_WeatherUITests.framework in Frameworks */,
			);
			runOnlyForDeploymentPostprocessing = 0;
		};
/* End PBXFrameworksBuildPhase section */

/* Begin PBXGroup section */
		13101BAB1F62DABD002A7767 = {
			isa = PBXGroup;
			children = (
				13101BB61F62DABD002A7767 /* Weather */,
				13101BB51F62DABD002A7767 /* Products */,
				53F2FC050182A4A4B592451D /* Pods */,
				867A790788640D58AD8203B4 /* Frameworks */,
			);
			sourceTree = "<group>";
		};
		13101BB51F62DABD002A7767 /* Products */ = {
			isa = PBXGroup;
			children = (
				13101BB41F62DABD002A7767 /* Weather.app */,
				13101BC81F62DABD002A7767 /* WeatherTests.xctest */,
				13101BD31F62DABD002A7767 /* WeatherUITests.xctest */,
			);
			name = Products;
			sourceTree = "<group>";
		};
		13101BB61F62DABD002A7767 /* Weather */ = {
			isa = PBXGroup;
			children = (
				13101BB71F62DABD002A7767 /* AppDelegate.swift */,
				13E97C582A2D85B500696147 /* Constants.swift */,
				13E97C5C2A2D8DA800696147 /* Models */,
				13E97C5B2A2D8D9700696147 /* View Models */,
				13E97C5A2A2D8D7600696147 /* View Controllers */,
				13E97C5D2A2D8DD600696147 /* Utilities */,
				13E97C5E2A2D8E1600696147 /* Network */,
				13101BBB1F62DABD002A7767 /* Main.storyboard */,
				13101BBE1F62DABD002A7767 /* Assets.xcassets */,
				13101BC01F62DABD002A7767 /* LaunchScreen.storyboard */,
				13101BC31F62DABD002A7767 /* Info.plist */,
			);
			path = Weather;
			sourceTree = "<group>";
		};
		13101BE51F62EDBF002A7767 /* WeatherService */ = {
			isa = PBXGroup;
			children = (
				13E97C542A2BFC9A00696147 /* WeatherAPI.swift */,
				13E97C612A2E606600696147 /* GeocodingAPI.swift */,
				13E97C632A2E632C00696147 /* GeocodingService.swift */,
				13101BEA1F62EF4A002A7767 /* WeatherService.swift */,
			);
			name = WeatherService;
			sourceTree = "<group>";
		};
		13E97C5A2A2D8D7600696147 /* View Controllers */ = {
			isa = PBXGroup;
			children = (
				13101BB91F62DABD002A7767 /* HomeController.swift */,
			);
			name = "View Controllers";
			sourceTree = "<group>";
		};
		13E97C5B2A2D8D9700696147 /* View Models */ = {
			isa = PBXGroup;
			children = (
				13E97C5F2A2D8E7400696147 /* HomeViewModel.swift */,
			);
			name = "View Models";
			sourceTree = "<group>";
		};
		13E97C5C2A2D8DA800696147 /* Models */ = {
			isa = PBXGroup;
			children = (
				13101BEC1F62FF37002A7767 /* Weather.swift */,
			);
			name = Models;
			sourceTree = "<group>";
		};
		13E97C5D2A2D8DD600696147 /* Utilities */ = {
			isa = PBXGroup;
			children = (
				13E97C562A2D006F00696147 /* LocationManager.swift */,
				13E97C652A2E878600696147 /* PreferenceHandler.swift */,
				13AAF6022A2ECC6A0000A4FE /* CustomImageView.swift */,
			);
			name = Utilities;
			sourceTree = "<group>";
		};
		13E97C5E2A2D8E1600696147 /* Network */ = {
			isa = PBXGroup;
			children = (
				13E97C502A2BEB1400696147 /* NetworkError.swift */,
				13E97C512A2BEB1400696147 /* NetworkServiceProtocol.swift */,
				13E97C4E2A2BE70A00696147 /* URLRequestBuilder.swift */,
				13101BE51F62EDBF002A7767 /* WeatherService */,
			);
			name = Network;
			sourceTree = "<group>";
		};
		53F2FC050182A4A4B592451D /* Pods */ = {
			isa = PBXGroup;
			children = (
				3B6916E4F52C985E3BAFAED8 /* Pods-Weather.debug.xcconfig */,
				EC6E8C9CCD54202D6AFBF5AB /* Pods-Weather.release.xcconfig */,
				C19F603139D26957289CC239 /* Pods-WeatherTests.debug.xcconfig */,
				680B5F2C5B5B90D91E35EF80 /* Pods-WeatherTests.release.xcconfig */,
				83AE8DE48277594B0252EDA8 /* Pods-WeatherUITests.debug.xcconfig */,
				C5343E16FAE4B93F15F6D68E /* Pods-WeatherUITests.release.xcconfig */,
			);
			name = Pods;
			sourceTree = "<group>";
		};
		867A790788640D58AD8203B4 /* Frameworks */ = {
			isa = PBXGroup;
			children = (
				0B91E80F08FB7772559F5318 /* Pods_Weather.framework */,
				1E4C24BC423392492D2A88E6 /* Pods_WeatherTests.framework */,
				58D1A625553BC57454124A4E /* Pods_WeatherUITests.framework */,
			);
			name = Frameworks;
			sourceTree = "<group>";
		};
/* End PBXGroup section */

/* Begin PBXNativeTarget section */
		13101BB31F62DABD002A7767 /* Weather */ = {
			isa = PBXNativeTarget;
			buildConfigurationList = 13101BDC1F62DABD002A7767 /* Build configuration list for PBXNativeTarget "Weather" */;
			buildPhases = (
				68B8541FD52A549DF5AC664C /* [CP] Check Pods Manifest.lock */,
				13101BB01F62DABD002A7767 /* Sources */,
				13101BB11F62DABD002A7767 /* Frameworks */,
				13101BB21F62DABD002A7767 /* Resources */,
				997255DEBD317F637553FE49 /* [CP] Embed Pods Frameworks */,
			);
			buildRules = (
			);
			dependencies = (
			);
			name = Weather;
			productName = Weather;
			productReference = 13101BB41F62DABD002A7767 /* Weather.app */;
			productType = "com.apple.product-type.application";
		};
		13101BC71F62DABD002A7767 /* WeatherTests */ = {
			isa = PBXNativeTarget;
			buildConfigurationList = 13101BDF1F62DABD002A7767 /* Build configuration list for PBXNativeTarget "WeatherTests" */;
			buildPhases = (
				179308DCA34381B77004EA1F /* [CP] Check Pods Manifest.lock */,
				13101BC41F62DABD002A7767 /* Sources */,
				13101BC51F62DABD002A7767 /* Frameworks */,
				13101BC61F62DABD002A7767 /* Resources */,
			);
			buildRules = (
			);
			dependencies = (
				13101BCA1F62DABD002A7767 /* PBXTargetDependency */,
			);
			name = WeatherTests;
			productName = WeatherTests;
			productReference = 13101BC81F62DABD002A7767 /* WeatherTests.xctest */;
			productType = "com.apple.product-type.bundle.unit-test";
		};
		13101BD21F62DABD002A7767 /* WeatherUITests */ = {
			isa = PBXNativeTarget;
			buildConfigurationList = 13101BE21F62DABD002A7767 /* Build configuration list for PBXNativeTarget "WeatherUITests" */;
			buildPhases = (
				40BC749039776FE6CDAA774B /* [CP] Check Pods Manifest.lock */,
				13101BCF1F62DABD002A7767 /* Sources */,
				13101BD01F62DABD002A7767 /* Frameworks */,
				13101BD11F62DABD002A7767 /* Resources */,
			);
			buildRules = (
			);
			dependencies = (
				13101BD51F62DABD002A7767 /* PBXTargetDependency */,
			);
			name = WeatherUITests;
			productName = WeatherUITests;
			productReference = 13101BD31F62DABD002A7767 /* WeatherUITests.xctest */;
			productType = "com.apple.product-type.bundle.ui-testing";
		};
/* End PBXNativeTarget section */

/* Begin PBXProject section */
		13101BAC1F62DABD002A7767 /* Project object */ = {
			isa = PBXProject;
			attributes = {
				LastSwiftUpdateCheck = 0830;
				LastUpgradeCheck = 0830;
				ORGANIZATIONNAME = "Chandrakala Neerukonda";
				TargetAttributes = {
					13101BB31F62DABD002A7767 = {
						CreatedOnToolsVersion = 8.3.3;
						DevelopmentTeam = 5M5HT63J28;
						ProvisioningStyle = Automatic;
					};
					13101BC71F62DABD002A7767 = {
						CreatedOnToolsVersion = 8.3.3;
						ProvisioningStyle = Automatic;
						TestTargetID = 13101BB31F62DABD002A7767;
					};
					13101BD21F62DABD002A7767 = {
						CreatedOnToolsVersion = 8.3.3;
						ProvisioningStyle = Automatic;
						TestTargetID = 13101BB31F62DABD002A7767;
					};
				};
			};
			buildConfigurationList = 13101BAF1F62DABD002A7767 /* Build configuration list for PBXProject "Weather" */;
			compatibilityVersion = "Xcode 14.0";
			developmentRegion = English;
			hasScannedForEncodings = 0;
			knownRegions = (
				English,
				en,
				Base,
			);
			mainGroup = 13101BAB1F62DABD002A7767;
			productRefGroup = 13101BB51F62DABD002A7767 /* Products */;
			projectDirPath = "";
			projectRoot = "";
			targets = (
				13101BB31F62DABD002A7767 /* Weather */,
				13101BC71F62DABD002A7767 /* WeatherTests */,
				13101BD21F62DABD002A7767 /* WeatherUITests */,
			);
		};
/* End PBXProject section */

/* Begin PBXResourcesBuildPhase section */
		13101BB21F62DABD002A7767 /* Resources */ = {
			isa = PBXResourcesBuildPhase;
			buildActionMask = 2147483647;
			files = (
				13101BC21F62DABD002A7767 /* LaunchScreen.storyboard in Resources */,
				13101BBF1F62DABD002A7767 /* Assets.xcassets in Resources */,
				13101BBD1F62DABD002A7767 /* Main.storyboard in Resources */,
			);
			runOnlyForDeploymentPostprocessing = 0;
		};
		13101BC61F62DABD002A7767 /* Resources */ = {
			isa = PBXResourcesBuildPhase;
			buildActionMask = 2147483647;
			files = (
			);
			runOnlyForDeploymentPostprocessing = 0;
		};
		13101BD11F62DABD002A7767 /* Resources */ = {
			isa = PBXResourcesBuildPhase;
			buildActionMask = 2147483647;
			files = (
			);
			runOnlyForDeploymentPostprocessing = 0;
		};
/* End PBXResourcesBuildPhase section */

/* Begin PBXShellScriptBuildPhase section */
		179308DCA34381B77004EA1F /* [CP] Check Pods Manifest.lock */ = {
			isa = PBXShellScriptBuildPhase;
			buildActionMask = 2147483647;
			files = (
			);
			inputPaths = (
				"${PODS_PODFILE_DIR_PATH}/Podfile.lock",
				"${PODS_ROOT}/Manifest.lock",
			);
			name = "[CP] Check Pods Manifest.lock";
			outputPaths = (
				"$(DERIVED_FILE_DIR)/Pods-WeatherTests-checkManifestLockResult.txt",
			);
			runOnlyForDeploymentPostprocessing = 0;
			shellPath = /bin/sh;
			shellScript = "diff \"${PODS_PODFILE_DIR_PATH}/Podfile.lock\" \"${PODS_ROOT}/Manifest.lock\" > /dev/null\nif [ $? != 0 ] ; then\n    # print error to STDERR\n    echo \"error: The sandbox is not in sync with the Podfile.lock. Run 'pod install' or update your CocoaPods installation.\" >&2\n    exit 1\nfi\n# This output is used by Xcode 'outputs' to avoid re-running this script phase.\necho \"SUCCESS\" > \"${SCRIPT_OUTPUT_FILE_0}\"\n";
			showEnvVarsInLog = 0;
		};
		40BC749039776FE6CDAA774B /* [CP] Check Pods Manifest.lock */ = {
			isa = PBXShellScriptBuildPhase;
			buildActionMask = 2147483647;
			files = (
			);
			inputPaths = (
				"${PODS_PODFILE_DIR_PATH}/Podfile.lock",
				"${PODS_ROOT}/Manifest.lock",
			);
			name = "[CP] Check Pods Manifest.lock";
			outputPaths = (
				"$(DERIVED_FILE_DIR)/Pods-WeatherUITests-checkManifestLockResult.txt",
			);
			runOnlyForDeploymentPostprocessing = 0;
			shellPath = /bin/sh;
			shellScript = "diff \"${PODS_PODFILE_DIR_PATH}/Podfile.lock\" \"${PODS_ROOT}/Manifest.lock\" > /dev/null\nif [ $? != 0 ] ; then\n    # print error to STDERR\n    echo \"error: The sandbox is not in sync with the Podfile.lock. Run 'pod install' or update your CocoaPods installation.\" >&2\n    exit 1\nfi\n# This output is used by Xcode 'outputs' to avoid re-running this script phase.\necho \"SUCCESS\" > \"${SCRIPT_OUTPUT_FILE_0}\"\n";
			showEnvVarsInLog = 0;
		};
		68B8541FD52A549DF5AC664C /* [CP] Check Pods Manifest.lock */ = {
			isa = PBXShellScriptBuildPhase;
			buildActionMask = 2147483647;
			files = (
			);
			inputPaths = (
				"${PODS_PODFILE_DIR_PATH}/Podfile.lock",
				"${PODS_ROOT}/Manifest.lock",
			);
			name = "[CP] Check Pods Manifest.lock";
			outputPaths = (
				"$(DERIVED_FILE_DIR)/Pods-Weather-checkManifestLockResult.txt",
			);
			runOnlyForDeploymentPostprocessing = 0;
			shellPath = /bin/sh;
			shellScript = "diff \"${PODS_PODFILE_DIR_PATH}/Podfile.lock\" \"${PODS_ROOT}/Manifest.lock\" > /dev/null\nif [ $? != 0 ] ; then\n    # print error to STDERR\n    echo \"error: The sandbox is not in sync with the Podfile.lock. Run 'pod install' or update your CocoaPods installation.\" >&2\n    exit 1\nfi\n# This output is used by Xcode 'outputs' to avoid re-running this script phase.\necho \"SUCCESS\" > \"${SCRIPT_OUTPUT_FILE_0}\"\n";
			showEnvVarsInLog = 0;
		};
		997255DEBD317F637553FE49 /* [CP] Embed Pods Frameworks */ = {
			isa = PBXShellScriptBuildPhase;
			buildActionMask = 2147483647;
			files = (
			);
			inputFileListPaths = (
				"${PODS_ROOT}/Target Support Files/Pods-Weather/Pods-Weather-frameworks-${CONFIGURATION}-input-files.xcfilelist",
			);
			name = "[CP] Embed Pods Frameworks";
			outputFileListPaths = (
				"${PODS_ROOT}/Target Support Files/Pods-Weather/Pods-Weather-frameworks-${CONFIGURATION}-output-files.xcfilelist",
			);
			runOnlyForDeploymentPostprocessing = 0;
			shellPath = /bin/sh;
			shellScript = "\"${PODS_ROOT}/Target Support Files/Pods-Weather/Pods-Weather-frameworks.sh\"\n";
			showEnvVarsInLog = 0;
		};
/* End PBXShellScriptBuildPhase section */

/* Begin PBXSourcesBuildPhase section */
		13101BB01F62DABD002A7767 /* Sources */ = {
			isa = PBXSourcesBuildPhase;
			buildActionMask = 2147483647;
			files = (
				13E97C552A2BFC9A00696147 /* WeatherAPI.swift in Sources */,
				13E97C622A2E606600696147 /* GeocodingAPI.swift in Sources */,
				13101BBA1F62DABD002A7767 /* HomeController.swift in Sources */,
				13E97C642A2E632C00696147 /* GeocodingService.swift in Sources */,
				13AAF6032A2ECC6A0000A4FE /* CustomImageView.swift in Sources */,
				13E97C4F2A2BE70A00696147 /* URLRequestBuilder.swift in Sources */,
				13101BEB1F62EF4A002A7767 /* WeatherService.swift in Sources */,
				13101BB81F62DABD002A7767 /* AppDelegate.swift in Sources */,
				13E97C532A2BEB1400696147 /* NetworkServiceProtocol.swift in Sources */,
				13E97C572A2D006F00696147 /* LocationManager.swift in Sources */,
				13E97C602A2D8E7400696147 /* HomeViewModel.swift in Sources */,
				13E97C662A2E878600696147 /* PreferenceHandler.swift in Sources */,
				13E97C522A2BEB1400696147 /* NetworkError.swift in Sources */,
				13E97C592A2D85B500696147 /* Constants.swift in Sources */,
				13101BED1F62FF37002A7767 /* Weather.swift in Sources */,
			);
			runOnlyForDeploymentPostprocessing = 0;
		};
		13101BC41F62DABD002A7767 /* Sources */ = {
			isa = PBXSourcesBuildPhase;
			buildActionMask = 2147483647;
			files = (
			);
			runOnlyForDeploymentPostprocessing = 0;
		};
		13101BCF1F62DABD002A7767 /* Sources */ = {
			isa = PBXSourcesBuildPhase;
			buildActionMask = 2147483647;
			files = (
			);
			runOnlyForDeploymentPostprocessing = 0;
		};
/* End PBXSourcesBuildPhase section */

/* Begin PBXTargetDependency section */
		13101BCA1F62DABD002A7767 /* PBXTargetDependency */ = {
			isa = PBXTargetDependency;
			target = 13101BB31F62DABD002A7767 /* Weather */;
			targetProxy = 13101BC91F62DABD002A7767 /* PBXContainerItemProxy */;
		};
		13101BD51F62DABD002A7767 /* PBXTargetDependency */ = {
			isa = PBXTargetDependency;
			target = 13101BB31F62DABD002A7767 /* Weather */;
			targetProxy = 13101BD41F62DABD002A7767 /* PBXContainerItemProxy */;
		};
/* End PBXTargetDependency section */

/* Begin PBXVariantGroup section */
		13101BBB1F62DABD002A7767 /* Main.storyboard */ = {
			isa = PBXVariantGroup;
			children = (
				13101BBC1F62DABD002A7767 /* Base */,
			);
			name = Main.storyboard;
			sourceTree = "<group>";
		};
		13101BC01F62DABD002A7767 /* LaunchScreen.storyboard */ = {
			isa = PBXVariantGroup;
			children = (
				13101BC11F62DABD002A7767 /* Base */,
			);
			name = LaunchScreen.storyboard;
			sourceTree = "<group>";
		};
/* End PBXVariantGroup section */

/* Begin XCBuildConfiguration section */
		13101BDA1F62DABD002A7767 /* Debug */ = {
			isa = XCBuildConfiguration;
			buildSettings = {
				ALWAYS_SEARCH_USER_PATHS = NO;
				CLANG_ANALYZER_NONNULL = YES;
				CLANG_ANALYZER_NUMBER_OBJECT_CONVERSION = YES_AGGRESSIVE;
				CLANG_CXX_LANGUAGE_STANDARD = "gnu++0x";
				CLANG_CXX_LIBRARY = "libc++";
				CLANG_ENABLE_MODULES = YES;
				CLANG_ENABLE_OBJC_ARC = YES;
				CLANG_WARN_BOOL_CONVERSION = YES;
				CLANG_WARN_CONSTANT_CONVERSION = YES;
				CLANG_WARN_DIRECT_OBJC_ISA_USAGE = YES_ERROR;
				CLANG_WARN_DOCUMENTATION_COMMENTS = YES;
				CLANG_WARN_EMPTY_BODY = YES;
				CLANG_WARN_ENUM_CONVERSION = YES;
				CLANG_WARN_INFINITE_RECURSION = YES;
				CLANG_WARN_INT_CONVERSION = YES;
				CLANG_WARN_OBJC_ROOT_CLASS = YES_ERROR;
				CLANG_WARN_SUSPICIOUS_MOVE = YES;
				CLANG_WARN_UNREACHABLE_CODE = YES;
				CLANG_WARN__DUPLICATE_METHOD_MATCH = YES;
				"CODE_SIGN_IDENTITY[sdk=iphoneos*]" = "iPhone Developer";
				COPY_PHASE_STRIP = NO;
				DEBUG_INFORMATION_FORMAT = dwarf;
				ENABLE_STRICT_OBJC_MSGSEND = YES;
				ENABLE_TESTABILITY = YES;
				GCC_C_LANGUAGE_STANDARD = gnu99;
				GCC_DYNAMIC_NO_PIC = NO;
				GCC_NO_COMMON_BLOCKS = YES;
				GCC_OPTIMIZATION_LEVEL = 0;
				GCC_PREPROCESSOR_DEFINITIONS = (
					"DEBUG=1",
					"$(inherited)",
				);
				GCC_WARN_64_TO_32_BIT_CONVERSION = YES;
				GCC_WARN_ABOUT_RETURN_TYPE = YES_ERROR;
				GCC_WARN_UNDECLARED_SELECTOR = YES;
				GCC_WARN_UNINITIALIZED_AUTOS = YES_AGGRESSIVE;
				GCC_WARN_UNUSED_FUNCTION = YES;
				GCC_WARN_UNUSED_VARIABLE = YES;
				IPHONEOS_DEPLOYMENT_TARGET = 10.3;
				MTL_ENABLE_DEBUG_INFO = YES;
				ONLY_ACTIVE_ARCH = YES;
				SDKROOT = iphoneos;
				SWIFT_ACTIVE_COMPILATION_CONDITIONS = DEBUG;
				SWIFT_OPTIMIZATION_LEVEL = "-Onone";
			};
			name = Debug;
		};
		13101BDB1F62DABD002A7767 /* Release */ = {
			isa = XCBuildConfiguration;
			buildSettings = {
				ALWAYS_SEARCH_USER_PATHS = NO;
				CLANG_ANALYZER_NONNULL = YES;
				CLANG_ANALYZER_NUMBER_OBJECT_CONVERSION = YES_AGGRESSIVE;
				CLANG_CXX_LANGUAGE_STANDARD = "gnu++0x";
				CLANG_CXX_LIBRARY = "libc++";
				CLANG_ENABLE_MODULES = YES;
				CLANG_ENABLE_OBJC_ARC = YES;
				CLANG_WARN_BOOL_CONVERSION = YES;
				CLANG_WARN_CONSTANT_CONVERSION = YES;
				CLANG_WARN_DIRECT_OBJC_ISA_USAGE = YES_ERROR;
				CLANG_WARN_DOCUMENTATION_COMMENTS = YES;
				CLANG_WARN_EMPTY_BODY = YES;
				CLANG_WARN_ENUM_CONVERSION = YES;
				CLANG_WARN_INFINITE_RECURSION = YES;
				CLANG_WARN_INT_CONVERSION = YES;
				CLANG_WARN_OBJC_ROOT_CLASS = YES_ERROR;
				CLANG_WARN_SUSPICIOUS_MOVE = YES;
				CLANG_WARN_UNREACHABLE_CODE = YES;
				CLANG_WARN__DUPLICATE_METHOD_MATCH = YES;
				"CODE_SIGN_IDENTITY[sdk=iphoneos*]" = "iPhone Developer";
				COPY_PHASE_STRIP = NO;
				DEBUG_INFORMATION_FORMAT = "dwarf-with-dsym";
				ENABLE_NS_ASSERTIONS = NO;
				ENABLE_STRICT_OBJC_MSGSEND = YES;
				GCC_C_LANGUAGE_STANDARD = gnu99;
				GCC_NO_COMMON_BLOCKS = YES;
				GCC_WARN_64_TO_32_BIT_CONVERSION = YES;
				GCC_WARN_ABOUT_RETURN_TYPE = YES_ERROR;
				GCC_WARN_UNDECLARED_SELECTOR = YES;
				GCC_WARN_UNINITIALIZED_AUTOS = YES_AGGRESSIVE;
				GCC_WARN_UNUSED_FUNCTION = YES;
				GCC_WARN_UNUSED_VARIABLE = YES;
				IPHONEOS_DEPLOYMENT_TARGET = 10.3;
				MTL_ENABLE_DEBUG_INFO = NO;
				SDKROOT = iphoneos;
				SWIFT_COMPILATION_MODE = wholemodule;
				SWIFT_OPTIMIZATION_LEVEL = "-O";
				VALIDATE_PRODUCT = YES;
			};
			name = Release;
		};
		13101BDD1F62DABD002A7767 /* Debug */ = {
			isa = XCBuildConfiguration;
			baseConfigurationReference = 3B6916E4F52C985E3BAFAED8 /* Pods-Weather.debug.xcconfig */;
			buildSettings = {
				ASSETCATALOG_COMPILER_APPICON_NAME = AppIcon;
				DEVELOPMENT_TEAM = 5M5HT63J28;
				INFOPLIST_FILE = Weather/Info.plist;
				IPHONEOS_DEPLOYMENT_TARGET = 15.0;
				LD_RUNPATH_SEARCH_PATHS = (
					"$(inherited)",
					"@executable_path/Frameworks",
				);
				PRODUCT_BUNDLE_IDENTIFIER = com.chandra.Weather.Weather;
				PRODUCT_NAME = "$(TARGET_NAME)";
				SWIFT_VERSION = 4.0;
			};
			name = Debug;
		};
		13101BDE1F62DABD002A7767 /* Release */ = {
			isa = XCBuildConfiguration;
			baseConfigurationReference = EC6E8C9CCD54202D6AFBF5AB /* Pods-Weather.release.xcconfig */;
			buildSettings = {
				ASSETCATALOG_COMPILER_APPICON_NAME = AppIcon;
				DEVELOPMENT_TEAM = 5M5HT63J28;
				INFOPLIST_FILE = Weather/Info.plist;
				IPHONEOS_DEPLOYMENT_TARGET = 15.0;
				LD_RUNPATH_SEARCH_PATHS = (
					"$(inherited)",
					"@executable_path/Frameworks",
				);
				PRODUCT_BUNDLE_IDENTIFIER = com.chandra.Weather.Weather;
				PRODUCT_NAME = "$(TARGET_NAME)";
				SWIFT_VERSION = 4.0;
			};
			name = Release;
		};
		13101BE01F62DABD002A7767 /* Debug */ = {
			isa = XCBuildConfiguration;
			baseConfigurationReference = C19F603139D26957289CC239 /* Pods-WeatherTests.debug.xcconfig */;
			buildSettings = {
				ALWAYS_EMBED_SWIFT_STANDARD_LIBRARIES = YES;
				BUNDLE_LOADER = "$(TEST_HOST)";
				INFOPLIST_FILE = WeatherTests/Info.plist;
				LD_RUNPATH_SEARCH_PATHS = (
					"$(inherited)",
					"@executable_path/Frameworks",
					"@loader_path/Frameworks",
				);
				PRODUCT_BUNDLE_IDENTIFIER = com.chandra.Weather.WeatherTests;
				PRODUCT_NAME = "$(TARGET_NAME)";
				SWIFT_VERSION = 3.0;
				TEST_HOST = "$(BUILT_PRODUCTS_DIR)/Weather.app/Weather";
			};
			name = Debug;
		};
		13101BE11F62DABD002A7767 /* Release */ = {
			isa = XCBuildConfiguration;
			baseConfigurationReference = 680B5F2C5B5B90D91E35EF80 /* Pods-WeatherTests.release.xcconfig */;
			buildSettings = {
				ALWAYS_EMBED_SWIFT_STANDARD_LIBRARIES = YES;
				BUNDLE_LOADER = "$(TEST_HOST)";
				INFOPLIST_FILE = WeatherTests/Info.plist;
				LD_RUNPATH_SEARCH_PATHS = (
					"$(inherited)",
					"@executable_path/Frameworks",
					"@loader_path/Frameworks",
				);
				PRODUCT_BUNDLE_IDENTIFIER = com.chandra.Weather.WeatherTests;
				PRODUCT_NAME = "$(TARGET_NAME)";
				SWIFT_VERSION = 3.0;
				TEST_HOST = "$(BUILT_PRODUCTS_DIR)/Weather.app/Weather";
			};
			name = Release;
		};
		13101BE31F62DABD002A7767 /* Debug */ = {
			isa = XCBuildConfiguration;
			baseConfigurationReference = 83AE8DE48277594B0252EDA8 /* Pods-WeatherUITests.debug.xcconfig */;
			buildSettings = {
				ALWAYS_EMBED_SWIFT_STANDARD_LIBRARIES = YES;
				INFOPLIST_FILE = WeatherUITests/Info.plist;
				LD_RUNPATH_SEARCH_PATHS = (
					"$(inherited)",
					"@executable_path/Frameworks",
					"@loader_path/Frameworks",
				);
				PRODUCT_BUNDLE_IDENTIFIER = com.chandra.Weather.WeatherUITests;
				PRODUCT_NAME = "$(TARGET_NAME)";
				SWIFT_VERSION = 3.0;
				TEST_TARGET_NAME = Weather;
			};
			name = Debug;
		};
		13101BE41F62DABD002A7767 /* Release */ = {
			isa = XCBuildConfiguration;
			baseConfigurationReference = C5343E16FAE4B93F15F6D68E /* Pods-WeatherUITests.release.xcconfig */;
			buildSettings = {
				ALWAYS_EMBED_SWIFT_STANDARD_LIBRARIES = YES;
				INFOPLIST_FILE = WeatherUITests/Info.plist;
				LD_RUNPATH_SEARCH_PATHS = (
					"$(inherited)",
					"@executable_path/Frameworks",
					"@loader_path/Frameworks",
				);
				PRODUCT_BUNDLE_IDENTIFIER = com.chandra.Weather.WeatherUITests;
				PRODUCT_NAME = "$(TARGET_NAME)";
				SWIFT_VERSION = 3.0;
				TEST_TARGET_NAME = Weather;
			};
			name = Release;
		};
/* End XCBuildConfiguration section */

/* Begin XCConfigurationList section */
		13101BAF1F62DABD002A7767 /* Build configuration list for PBXProject "Weather" */ = {
			isa = XCConfigurationList;
			buildConfigurations = (
				13101BDA1F62DABD002A7767 /* Debug */,
				13101BDB1F62DABD002A7767 /* Release */,
			);
			defaultConfigurationIsVisible = 0;
			defaultConfigurationName = Release;
		};
		13101BDC1F62DABD002A7767 /* Build configuration list for PBXNativeTarget "Weather" */ = {
			isa = XCConfigurationList;
			buildConfigurations = (
				13101BDD1F62DABD002A7767 /* Debug */,
				13101BDE1F62DABD002A7767 /* Release */,
			);
			defaultConfigurationIsVisible = 0;
			defaultConfigurationName = Release;
		};
		13101BDF1F62DABD002A7767 /* Build configuration list for PBXNativeTarget "WeatherTests" */ = {
			isa = XCConfigurationList;
			buildConfigurations = (
				13101BE01F62DABD002A7767 /* Debug */,
				13101BE11F62DABD002A7767 /* Release */,
			);
			defaultConfigurationIsVisible = 0;
			defaultConfigurationName = Release;
		};
		13101BE21F62DABD002A7767 /* Build configuration list for PBXNativeTarget "WeatherUITests" */ = {
			isa = XCConfigurationList;
			buildConfigurations = (
				13101BE31F62DABD002A7767 /* Debug */,
				13101BE41F62DABD002A7767 /* Release */,
			);
			defaultConfigurationIsVisible = 0;
			defaultConfigurationName = Release;
		};
/* End XCConfigurationList section */
	};
	rootObject = 13101BAC1F62DABD002A7767 /* Project object */;
}
